
Microsoft Visual Studio Solution File, Format Version 12.00
# Visual Studio Version 17
VisualStudioVersion = 17.5.33530.505
MinimumVisualStudioVersion = 10.0.40219.1
Project("{FAE04EC0-301F-11D3-BF4B-00C04F79EFBC}") = "EPASBlazor.Server", "Server\EPASBlazor.Server.csproj", "{7769E411-03C7-4995-9362-2FBE8CD0A6DD}"
EndProject
Project("{FAE04EC0-301F-11D3-BF4B-00C04F79EFBC}") = "EPASBlazor.Client", "Client\EPASBlazor.Client.csproj", "{765E30EB-27B2-4A08-B0C8-4B0793ADE810}"
EndProject
Project("{FAE04EC0-301F-11D3-BF4B-00C04F79EFBC}") = "EPASBlazor.Shared", "Shared\EPASBlazor.Shared.csproj", "{65E5FFC5-241D-4034-9B4F-F47645F8226D}"
EndProject
Global
	GlobalSection(SolutionConfigurationPlatforms) = preSolution
		Debug|Any CPU = Debug|Any CPU
		Release|Any CPU = Release|Any CPU
	EndGlobalSection
	GlobalSection(ProjectConfigurationPlatforms) = postSolution
		{7769E411-03C7-4995-9362-2FBE8CD0A6DD}.Debug|Any CPU.ActiveCfg = Debug|Any CPU
		{7769E411-03C7-4995-9362-2FBE8CD0A6DD}.Debug|Any CPU.Build.0 = Debug|Any CPU
		{7769E411-03C7-4995-9362-2FBE8CD0A6DD}.Release|Any CPU.ActiveCfg = Release|Any CPU
		{7769E411-03C7-4995-9362-2FBE8CD0A6DD}.Release|Any CPU.Build.0 = Release|Any CPU
		{765E30EB-27B2-4A08-B0C8-4B0793ADE810}.Debug|Any CPU.ActiveCfg = Debug|Any CPU
		{765E30EB-27B2-4A08-B0C8-4B0793ADE810}.Debug|Any CPU.Build.0 = Debug|Any CPU
		{765E30EB-27B2-4A08-B0C8-4B0793ADE810}.Release|Any CPU.ActiveCfg = Release|Any CPU
		{765E30EB-27B2-4A08-B0C8-4B0793ADE810}.Release|Any CPU.Build.0 = Release|Any CPU
		{65E5FFC5-241D-4034-9B4F-F47645F8226D}.Debug|Any CPU.ActiveCfg = Debug|Any CPU
		{65E5FFC5-241D-4034-9B4F-F47645F8226D}.Debug|Any CPU.Build.0 = Debug|Any CPU
		{65E5FFC5-241D-4034-9B4F-F47645F8226D}.Release|Any CPU.ActiveCfg = Release|Any CPU
		{65E5FFC5-241D-4034-9B4F-F47645F8226D}.Release|Any CPU.Build.0 = Release|Any CPU
	EndGlobalSection
	GlobalSection(SolutionProperties) = preSolution
		HideSolutionNode = FALSE
	EndGlobalSection
	GlobalSection(ExtensibilityGlobals) = postSolution
		SolutionGuid = {48187675-EDB9-433B-B655-03A8CCA6FFCB}
	EndGlobalSection
EndGlobal
